// !$*UTF8*$!
{
	archiveVersion = 1;
	classes = {
	};
	objectVersion = 50;
	objects = {

/* Begin PBXBuildFile section */
		42DF061B23CD879700EED6E2 /* AppDelegate.swift in Sources */ = {isa = PBXBuildFile; fileRef = 42DF061A23CD879700EED6E2 /* AppDelegate.swift */; };
		42DF061D23CD879700EED6E2 /* SceneDelegate.swift in Sources */ = {isa = PBXBuildFile; fileRef = 42DF061C23CD879700EED6E2 /* SceneDelegate.swift */; };
		42DF061F23CD879700EED6E2 /* ViewController.swift in Sources */ = {isa = PBXBuildFile; fileRef = 42DF061E23CD879700EED6E2 /* ViewController.swift */; };
		42DF062223CD879700EED6E2 /* Main.storyboard in Resources */ = {isa = PBXBuildFile; fileRef = 42DF062023CD879700EED6E2 /* Main.storyboard */; };
		42DF062423CD879800EED6E2 /* Assets.xcassets in Resources */ = {isa = PBXBuildFile; fileRef = 42DF062323CD879800EED6E2 /* Assets.xcassets */; };
		42DF062723CD879800EED6E2 /* LaunchScreen.storyboard in Resources */ = {isa = PBXBuildFile; fileRef = 42DF062523CD879800EED6E2 /* LaunchScreen.storyboard */; };
		42DF063223CD879800EED6E2 /* RxMovieCoordinatorTests.swift in Sources */ = {isa = PBXBuildFile; fileRef = 42DF063123CD879800EED6E2 /* RxMovieCoordinatorTests.swift */; };
		42DF063D23CD879800EED6E2 /* RxMovieCoordinatorUITests.swift in Sources */ = {isa = PBXBuildFile; fileRef = 42DF063C23CD879800EED6E2 /* RxMovieCoordinatorUITests.swift */; };
/* End PBXBuildFile section */

/* Begin PBXContainerItemProxy section */
		42DF062E23CD879800EED6E2 /* PBXContainerItemProxy */ = {
			isa = PBXContainerItemProxy;
			containerPortal = 42DF060F23CD879700EED6E2 /* Project object */;
			proxyType = 1;
			remoteGlobalIDString = 42DF061623CD879700EED6E2;
			remoteInfo = RxMovieCoordinator;
		};
		42DF063923CD879800EED6E2 /* PBXContainerItemProxy */ = {
			isa = PBXContainerItemProxy;
			containerPortal = 42DF060F23CD879700EED6E2 /* Project object */;
			proxyType = 1;
			remoteGlobalIDString = 42DF061623CD879700EED6E2;
			remoteInfo = RxMovieCoordinator;
		};
/* End PBXContainerItemProxy section */

/* Begin PBXFileReference section */
		42DF061723CD879700EED6E2 /* RxMovieCoordinator.app */ = {isa = PBXFileReference; explicitFileType = wrapper.application; includeInIndex = 0; path = RxMovieCoordinator.app; sourceTree = BUILT_PRODUCTS_DIR; };
		42DF061A23CD879700EED6E2 /* AppDelegate.swift */ = {isa = PBXFileReference; lastKnownFileType = sourcecode.swift; path = AppDelegate.swift; sourceTree = "<group>"; };
		42DF061C23CD879700EED6E2 /* SceneDelegate.swift */ = {isa = PBXFileReference; lastKnownFileType = sourcecode.swift; path = SceneDelegate.swift; sourceTree = "<group>"; };
		42DF061E23CD879700EED6E2 /* ViewController.swift */ = {isa = PBXFileReference; lastKnownFileType = sourcecode.swift; path = ViewController.swift; sourceTree = "<group>"; };
		42DF062123CD879700EED6E2 /* Base */ = {isa = PBXFileReference; lastKnownFileType = file.storyboard; name = Base; path = Base.lproj/Main.storyboard; sourceTree = "<group>"; };
		42DF062323CD879800EED6E2 /* Assets.xcassets */ = {isa = PBXFileReference; lastKnownFileType = folder.assetcatalog; path = Assets.xcassets; sourceTree = "<group>"; };
		42DF062623CD879800EED6E2 /* Base */ = {isa = PBXFileReference; lastKnownFileType = file.storyboard; name = Base; path = Base.lproj/LaunchScreen.storyboard; sourceTree = "<group>"; };
		42DF062823CD879800EED6E2 /* Info.plist */ = {isa = PBXFileReference; lastKnownFileType = text.plist.xml; path = Info.plist; sourceTree = "<group>"; };
		42DF062D23CD879800EED6E2 /* RxMovieCoordinatorTests.xctest */ = {isa = PBXFileReference; explicitFileType = wrapper.cfbundle; includeInIndex = 0; path = RxMovieCoordinatorTests.xctest; sourceTree = BUILT_PRODUCTS_DIR; };
		42DF063123CD879800EED6E2 /* RxMovieCoordinatorTests.swift */ = {isa = PBXFileReference; lastKnownFileType = sourcecode.swift; path = RxMovieCoordinatorTests.swift; sourceTree = "<group>"; };
		42DF063323CD879800EED6E2 /* Info.plist */ = {isa = PBXFileReference; lastKnownFileType = text.plist.xml; path = Info.plist; sourceTree = "<group>"; };
		42DF063823CD879800EED6E2 /* RxMovieCoordinatorUITests.xctest */ = {isa = PBXFileReference; explicitFileType = wrapper.cfbundle; includeInIndex = 0; path = RxMovieCoordinatorUITests.xctest; sourceTree = BUILT_PRODUCTS_DIR; };
		42DF063C23CD879800EED6E2 /* RxMovieCoordinatorUITests.swift */ = {isa = PBXFileReference; lastKnownFileType = sourcecode.swift; path = RxMovieCoordinatorUITests.swift; sourceTree = "<group>"; };
		42DF063E23CD879800EED6E2 /* Info.plist */ = {isa = PBXFileReference; lastKnownFileType = text.plist.xml; path = Info.plist; sourceTree = "<group>"; };
/* End PBXFileReference section */

/* Begin PBXFrameworksBuildPhase section */
		42DF061423CD879700EED6E2 /* Frameworks */ = {
			isa = PBXFrameworksBuildPhase;
			buildActionMask = 2147483647;
			files = (
			);
			runOnlyForDeploymentPostprocessing = 0;
		};
		42DF062A23CD879800EED6E2 /* Frameworks */ = {
			isa = PBXFrameworksBuildPhase;
			buildActionMask = 2147483647;
			files = (
			);
			runOnlyForDeploymentPostprocessing = 0;
		};
		42DF063523CD879800EED6E2 /* Frameworks */ = {
			isa = PBXFrameworksBuildPhase;
			buildActionMask = 2147483647;
			files = (
			);
			runOnlyForDeploymentPostprocessing = 0;
		};
/* End PBXFrameworksBuildPhase section */

/* Begin PBXGroup section */
		42DF060E23CD879600EED6E2 = {
			isa = PBXGroup;
			children = (
				42DF061923CD879700EED6E2 /* RxMovieCoordinator */,
				42DF063023CD879800EED6E2 /* RxMovieCoordinatorTests */,
				42DF063B23CD879800EED6E2 /* RxMovieCoordinatorUITests */,
				42DF061823CD879700EED6E2 /* Products */,
			);
			sourceTree = "<group>";
		};
		42DF061823CD879700EED6E2 /* Products */ = {
			isa = PBXGroup;
			children = (
				42DF061723CD879700EED6E2 /* RxMovieCoordinator.app */,
				42DF062D23CD879800EED6E2 /* RxMovieCoordinatorTests.xctest */,
				42DF063823CD879800EED6E2 /* RxMovieCoordinatorUITests.xctest */,
			);
			name = Products;
			sourceTree = "<group>";
		};
		42DF061923CD879700EED6E2 /* RxMovieCoordinator */ = {
			isa = PBXGroup;
			children = (
				42DF061A23CD879700EED6E2 /* AppDelegate.swift */,
				42DF061C23CD879700EED6E2 /* SceneDelegate.swift */,
				42DF061E23CD879700EED6E2 /* ViewController.swift */,
				42DF062023CD879700EED6E2 /* Main.storyboard */,
				42DF062323CD879800EED6E2 /* Assets.xcassets */,
				42DF062523CD879800EED6E2 /* LaunchScreen.storyboard */,
				42DF062823CD879800EED6E2 /* Info.plist */,
			);
			path = RxMovieCoordinator;
			sourceTree = "<group>";
		};
		42DF063023CD879800EED6E2 /* RxMovieCoordinatorTests */ = {
			isa = PBXGroup;
			children = (
				42DF063123CD879800EED6E2 /* RxMovieCoordinatorTests.swift */,
				42DF063323CD879800EED6E2 /* Info.plist */,
			);
			path = RxMovieCoordinatorTests;
			sourceTree = "<group>";
		};
		42DF063B23CD879800EED6E2 /* RxMovieCoordinatorUITests */ = {
			isa = PBXGroup;
			children = (
				42DF063C23CD879800EED6E2 /* RxMovieCoordinatorUITests.swift */,
				42DF063E23CD879800EED6E2 /* Info.plist */,
			);
			path = RxMovieCoordinatorUITests;
			sourceTree = "<group>";
		};
/* End PBXGroup section */

/* Begin PBXNativeTarget section */
		42DF061623CD879700EED6E2 /* RxMovieCoordinator */ = {
			isa = PBXNativeTarget;
			buildConfigurationList = 42DF064123CD879800EED6E2 /* Build configuration list for PBXNativeTarget "RxMovieCoordinator" */;
			buildPhases = (
				42DF061323CD879700EED6E2 /* Sources */,
				42DF061423CD879700EED6E2 /* Frameworks */,
				42DF061523CD879700EED6E2 /* Resources */,
			);
			buildRules = (
			);
			dependencies = (
			);
			name = RxMovieCoordinator;
			productName = RxMovieCoordinator;
			productReference = 42DF061723CD879700EED6E2 /* RxMovieCoordinator.app */;
			productType = "com.apple.product-type.application";
		};
		42DF062C23CD879800EED6E2 /* RxMovieCoordinatorTests */ = {
			isa = PBXNativeTarget;
			buildConfigurationList = 42DF064423CD879800EED6E2 /* Build configuration list for PBXNativeTarget "RxMovieCoordinatorTests" */;
			buildPhases = (
				42DF062923CD879800EED6E2 /* Sources */,
				42DF062A23CD879800EED6E2 /* Frameworks */,
				42DF062B23CD879800EED6E2 /* Resources */,
			);
			buildRules = (
			);
			dependencies = (
				42DF062F23CD879800EED6E2 /* PBXTargetDependency */,
			);
			name = RxMovieCoordinatorTests;
			productName = RxMovieCoordinatorTests;
			productReference = 42DF062D23CD879800EED6E2 /* RxMovieCoordinatorTests.xctest */;
			productType = "com.apple.product-type.bundle.unit-test";
		};
		42DF063723CD879800EED6E2 /* RxMovieCoordinatorUITests */ = {
			isa = PBXNativeTarget;
			buildConfigurationList = 42DF064723CD879800EED6E2 /* Build configuration list for PBXNativeTarget "RxMovieCoordinatorUITests" */;
			buildPhases = (
				42DF063423CD879800EED6E2 /* Sources */,
				42DF063523CD879800EED6E2 /* Frameworks */,
				42DF063623CD879800EED6E2 /* Resources */,
			);
			buildRules = (
			);
			dependencies = (
				42DF063A23CD879800EED6E2 /* PBXTargetDependency */,
			);
			name = RxMovieCoordinatorUITests;
			productName = RxMovieCoordinatorUITests;
			productReference = 42DF063823CD879800EED6E2 /* RxMovieCoordinatorUITests.xctest */;
			productType = "com.apple.product-type.bundle.ui-testing";
		};
/* End PBXNativeTarget section */

/* Begin PBXProject section */
		42DF060F23CD879700EED6E2 /* Project object */ = {
			isa = PBXProject;
			attributes = {
				LastSwiftUpdateCheck = 1110;
				LastUpgradeCheck = 1110;
				ORGANIZATIONNAME = "Sherif Kamal";
				TargetAttributes = {
					42DF061623CD879700EED6E2 = {
						CreatedOnToolsVersion = 11.1;
					};
					42DF062C23CD879800EED6E2 = {
						CreatedOnToolsVersion = 11.1;
						TestTargetID = 42DF061623CD879700EED6E2;
					};
					42DF063723CD879800EED6E2 = {
						CreatedOnToolsVersion = 11.1;
						TestTargetID = 42DF061623CD879700EED6E2;
					};
				};
			};
			buildConfigurationList = 42DF061223CD879700EED6E2 /* Build configuration list for PBXProject "RxMovieCoordinator" */;
			compatibilityVersion = "Xcode 9.3";
			developmentRegion = en;
			hasScannedForEncodings = 0;
			knownRegions = (
				en,
				Base,
			);
			mainGroup = 42DF060E23CD879600EED6E2;
			productRefGroup = 42DF061823CD879700EED6E2 /* Products */;
			projectDirPath = "";
			projectRoot = "";
			targets = (
				42DF061623CD879700EED6E2 /* RxMovieCoordinator */,
				42DF062C23CD879800EED6E2 /* RxMovieCoordinatorTests */,
				42DF063723CD879800EED6E2 /* RxMovieCoordinatorUITests */,
			);
		};
/* End PBXProject section */

/* Begin PBXResourcesBuildPhase section */
		42DF061523CD879700EED6E2 /* Resources */ = {
			isa = PBXResourcesBuildPhase;
			buildActionMask = 2147483647;
			files = (
				42DF062723CD879800EED6E2 /* LaunchScreen.storyboard in Resources */,
				42DF062423CD879800EED6E2 /* Assets.xcassets in Resources */,
				42DF062223CD879700EED6E2 /* Main.storyboard in Resources */,
			);
			runOnlyForDeploymentPostprocessing = 0;
		};
		42DF062B23CD879800EED6E2 /* Resources */ = {
			isa = PBXResourcesBuildPhase;
			buildActionMask = 2147483647;
			files = (
			);
			runOnlyForDeploymentPostprocessing = 0;
		};
		42DF063623CD879800EED6E2 /* Resources */ = {
			isa = PBXResourcesBuildPhase;
			buildActionMask = 2147483647;
			files = (
			);
			runOnlyForDeploymentPostprocessing = 0;
		};
/* End PBXResourcesBuildPhase section */

/* Begin PBXSourcesBuildPhase section */
		42DF061323CD879700EED6E2 /* Sources */ = {
			isa = PBXSourcesBuildPhase;
			buildActionMask = 2147483647;
			files = (
				42DF061F23CD879700EED6E2 /* ViewController.swift in Sources */,
				42DF061B23CD879700EED6E2 /* AppDelegate.swift in Sources */,
				42DF061D23CD879700EED6E2 /* SceneDelegate.swift in Sources */,
			);
			runOnlyForDeploymentPostprocessing = 0;
		};
		42DF062923CD879800EED6E2 /* Sources */ = {
			isa = PBXSourcesBuildPhase;
			buildActionMask = 2147483647;
			files = (
				42DF063223CD879800EED6E2 /* RxMovieCoordinatorTests.swift in Sources */,
			);
			runOnlyForDeploymentPostprocessing = 0;
		};
		42DF063423CD879800EED6E2 /* Sources */ = {
			isa = PBXSourcesBuildPhase;
			buildActionMask = 2147483647;
			files = (
				42DF063D23CD879800EED6E2 /* RxMovieCoordinatorUITests.swift in Sources */,
			);
			runOnlyForDeploymentPostprocessing = 0;
		};
/* End PBXSourcesBuildPhase section */

/* Begin PBXTargetDependency section */
		42DF062F23CD879800EED6E2 /* PBXTargetDependency */ = {
			isa = PBXTargetDependency;
			target = 42DF061623CD879700EED6E2 /* RxMovieCoordinator */;
			targetProxy = 42DF062E23CD879800EED6E2 /* PBXContainerItemProxy */;
		};
		42DF063A23CD879800EED6E2 /* PBXTargetDependency */ = {
			isa = PBXTargetDependency;
			target = 42DF061623CD879700EED6E2 /* RxMovieCoordinator */;
			targetProxy = 42DF063923CD879800EED6E2 /* PBXContainerItemProxy */;
		};
/* End PBXTargetDependency section */

/* Begin PBXVariantGroup section */
		42DF062023CD879700EED6E2 /* Main.storyboard */ = {
			isa = PBXVariantGroup;
			children = (
				42DF062123CD879700EED6E2 /* Base */,
			);
			name = Main.storyboard;
			sourceTree = "<group>";
		};
		42DF062523CD879800EED6E2 /* LaunchScreen.storyboard */ = {
			isa = PBXVariantGroup;
			children = (
				42DF062623CD879800EED6E2 /* Base */,
			);
			name = LaunchScreen.storyboard;
			sourceTree = "<group>";
		};
/* End PBXVariantGroup section */

/* Begin XCBuildConfiguration section */
		42DF063F23CD879800EED6E2 /* Debug */ = {
			isa = XCBuildConfiguration;
			buildSettings = {
				ALWAYS_SEARCH_USER_PATHS = NO;
				CLANG_ANALYZER_NONNULL = YES;
				CLANG_ANALYZER_NUMBER_OBJECT_CONVERSION = YES_AGGRESSIVE;
				CLANG_CXX_LANGUAGE_STANDARD = "gnu++14";
				CLANG_CXX_LIBRARY = "libc++";
				CLANG_ENABLE_MODULES = YES;
				CLANG_ENABLE_OBJC_ARC = YES;
				CLANG_ENABLE_OBJC_WEAK = YES;
				CLANG_WARN_BLOCK_CAPTURE_AUTORELEASING = YES;
				CLANG_WARN_BOOL_CONVERSION = YES;
				CLANG_WARN_COMMA = YES;
				CLANG_WARN_CONSTANT_CONVERSION = YES;
				CLANG_WARN_DEPRECATED_OBJC_IMPLEMENTATIONS = YES;
				CLANG_WARN_DIRECT_OBJC_ISA_USAGE = YES_ERROR;
				CLANG_WARN_DOCUMENTATION_COMMENTS = YES;
				CLANG_WARN_EMPTY_BODY = YES;
				CLANG_WARN_ENUM_CONVERSION = YES;
				CLANG_WARN_INFINITE_RECURSION = YES;
				CLANG_WARN_INT_CONVERSION = YES;
				CLANG_WARN_NON_LITERAL_NULL_CONVERSION = YES;
				CLANG_WARN_OBJC_IMPLICIT_RETAIN_SELF = YES;
				CLANG_WARN_OBJC_LITERAL_CONVERSION = YES;
				CLANG_WARN_OBJC_ROOT_CLASS = YES_ERROR;
				CLANG_WARN_RANGE_LOOP_ANALYSIS = YES;
				CLANG_WARN_STRICT_PROTOTYPES = YES;
				CLANG_WARN_SUSPICIOUS_MOVE = YES;
				CLANG_WARN_UNGUARDED_AVAILABILITY = YES_AGGRESSIVE;
				CLANG_WARN_UNREACHABLE_CODE = YES;
				CLANG_WARN__DUPLICATE_METHOD_MATCH = YES;
				COPY_PHASE_STRIP = NO;
				DEBUG_INFORMATION_FORMAT = dwarf;
				ENABLE_STRICT_OBJC_MSGSEND = YES;
				ENABLE_TESTABILITY = YES;
				GCC_C_LANGUAGE_STANDARD = gnu11;
				GCC_DYNAMIC_NO_PIC = NO;
				GCC_NO_COMMON_BLOCKS = YES;
				GCC_OPTIMIZATION_LEVEL = 0;
				GCC_PREPROCESSOR_DEFINITIONS = (
					"DEBUG=1",
					"$(inherited)",
				);
				GCC_WARN_64_TO_32_BIT_CONVERSION = YES;
				GCC_WARN_ABOUT_RETURN_TYPE = YES_ERROR;
				GCC_WARN_UNDECLARED_SELECTOR = YES;
				GCC_WARN_UNINITIALIZED_AUTOS = YES_AGGRESSIVE;
				GCC_WARN_UNUSED_FUNCTION = YES;
				GCC_WARN_UNUSED_VARIABLE = YES;
				IPHONEOS_DEPLOYMENT_TARGET = 13.1;
				MTL_ENABLE_DEBUG_INFO = INCLUDE_SOURCE;
				MTL_FAST_MATH = YES;
				ONLY_ACTIVE_ARCH = YES;
				SDKROOT = iphoneos;
				SWIFT_ACTIVE_COMPILATION_CONDITIONS = DEBUG;
				SWIFT_OPTIMIZATION_LEVEL = "-Onone";
			};
			name = Debug;
		};
		42DF064023CD879800EED6E2 /* Release */ = {
			isa = XCBuildConfiguration;
			buildSettings = {
				ALWAYS_SEARCH_USER_PATHS = NO;
				CLANG_ANALYZER_NONNULL = YES;
				CLANG_ANALYZER_NUMBER_OBJECT_CONVERSION = YES_AGGRESSIVE;
				CLANG_CXX_LANGUAGE_STANDARD = "gnu++14";
				CLANG_CXX_LIBRARY = "libc++";
				CLANG_ENABLE_MODULES = YES;
				CLANG_ENABLE_OBJC_ARC = YES;
				CLANG_ENABLE_OBJC_WEAK = YES;
				CLANG_WARN_BLOCK_CAPTURE_AUTORELEASING = YES;
				CLANG_WARN_BOOL_CONVERSION = YES;
				CLANG_WARN_COMMA = YES;
				CLANG_WARN_CONSTANT_CONVERSION = YES;
				CLANG_WARN_DEPRECATED_OBJC_IMPLEMENTATIONS = YES;
				CLANG_WARN_DIRECT_OBJC_ISA_USAGE = YES_ERROR;
				CLANG_WARN_DOCUMENTATION_COMMENTS = YES;
				CLANG_WARN_EMPTY_BODY = YES;
				CLANG_WARN_ENUM_CONVERSION = YES;
				CLANG_WARN_INFINITE_RECURSION = YES;
				CLANG_WARN_INT_CONVERSION = YES;
				CLANG_WARN_NON_LITERAL_NULL_CONVERSION = YES;
				CLANG_WARN_OBJC_IMPLICIT_RETAIN_SELF = YES;
				CLANG_WARN_OBJC_LITERAL_CONVERSION = YES;
				CLANG_WARN_OBJC_ROOT_CLASS = YES_ERROR;
				CLANG_WARN_RANGE_LOOP_ANALYSIS = YES;
				CLANG_WARN_STRICT_PROTOTYPES = YES;
				CLANG_WARN_SUSPICIOUS_MOVE = YES;
				CLANG_WARN_UNGUARDED_AVAILABILITY = YES_AGGRESSIVE;
				CLANG_WARN_UNREACHABLE_CODE = YES;
				CLANG_WARN__DUPLICATE_METHOD_MATCH = YES;
				COPY_PHASE_STRIP = NO;
				DEBUG_INFORMATION_FORMAT = "dwarf-with-dsym";
				ENABLE_NS_ASSERTIONS = NO;
				ENABLE_STRICT_OBJC_MSGSEND = YES;
				GCC_C_LANGUAGE_STANDARD = gnu11;
				GCC_NO_COMMON_BLOCKS = YES;
				GCC_WARN_64_TO_32_BIT_CONVERSION = YES;
				GCC_WARN_ABOUT_RETURN_TYPE = YES_ERROR;
				GCC_WARN_UNDECLARED_SELECTOR = YES;
				GCC_WARN_UNINITIALIZED_AUTOS = YES_AGGRESSIVE;
				GCC_WARN_UNUSED_FUNCTION = YES;
				GCC_WARN_UNUSED_VARIABLE = YES;
				IPHONEOS_DEPLOYMENT_TARGET = 13.1;
				MTL_ENABLE_DEBUG_INFO = NO;
				MTL_FAST_MATH = YES;
				SDKROOT = iphoneos;
				SWIFT_COMPILATION_MODE = wholemodule;
				SWIFT_OPTIMIZATION_LEVEL = "-O";
				VALIDATE_PRODUCT = YES;
			};
			name = Release;
		};
		42DF064223CD879800EED6E2 /* Debug */ = {
			isa = XCBuildConfiguration;
			buildSettings = {
				ASSETCATALOG_COMPILER_APPICON_NAME = AppIcon;
				CODE_SIGN_STYLE = Automatic;
				DEVELOPMENT_TEAM = ETH2M29NBU;
				INFOPLIST_FILE = RxMovieCoordinator/Info.plist;
				LD_RUNPATH_SEARCH_PATHS = (
					"$(inherited)",
					"@executable_path/Frameworks",
				);
				PRODUCT_BUNDLE_IDENTIFIER = com.xpressintegration.RxMovieCoordinator;
				PRODUCT_NAME = "$(TARGET_NAME)";
				SWIFT_VERSION = 5.0;
				TARGETED_DEVICE_FAMILY = "1,2";
			};
			name = Debug;
		};
		42DF064323CD879800EED6E2 /* Release */ = {
			isa = XCBuildConfiguration;
			buildSettings = {
				ASSETCATALOG_COMPILER_APPICON_NAME = AppIcon;
				CODE_SIGN_STYLE = Automatic;
				DEVELOPMENT_TEAM = ETH2M29NBU;
				INFOPLIST_FILE = RxMovieCoordinator/Info.plist;
				LD_RUNPATH_SEARCH_PATHS = (
					"$(inherited)",
					"@executable_path/Frameworks",
				);
				PRODUCT_BUNDLE_IDENTIFIER = com.xpressintegration.RxMovieCoordinator;
				PRODUCT_NAME = "$(TARGET_NAME)";
				SWIFT_VERSION = 5.0;
				TARGETED_DEVICE_FAMILY = "1,2";
			};
			name = Release;
		};
		42DF064523CD879800EED6E2 /* Debug */ = {
			isa = XCBuildConfiguration;
			buildSettings = {
				ALWAYS_EMBED_SWIFT_STANDARD_LIBRARIES = YES;
				BUNDLE_LOADER = "$(TEST_HOST)";
				CODE_SIGN_STYLE = Automatic;
				DEVELOPMENT_TEAM = ETH2M29NBU;
				INFOPLIST_FILE = RxMovieCoordinatorTests/Info.plist;
				IPHONEOS_DEPLOYMENT_TARGET = 13.1;
				LD_RUNPATH_SEARCH_PATHS = (
					"$(inherited)",
					"@executable_path/Frameworks",
					"@loader_path/Frameworks",
				);
				PRODUCT_BUNDLE_IDENTIFIER = com.xpressintegration.RxMovieCoordinatorTests;
				PRODUCT_NAME = "$(TARGET_NAME)";
				SWIFT_VERSION = 5.0;
				TARGETED_DEVICE_FAMILY = "1,2";
				TEST_HOST = "$(BUILT_PRODUCTS_DIR)/RxMovieCoordinator.app/RxMovieCoordinator";
			};
			name = Debug;
		};
		42DF064623CD879800EED6E2 /* Release */ = {
			isa = XCBuildConfiguration;
			buildSettings = {
				ALWAYS_EMBED_SWIFT_STANDARD_LIBRARIES = YES;
				BUNDLE_LOADER = "$(TEST_HOST)";
				CODE_SIGN_STYLE = Automatic;
				DEVELOPMENT_TEAM = ETH2M29NBU;
				INFOPLIST_FILE = RxMovieCoordinatorTests/Info.plist;
				IPHONEOS_DEPLOYMENT_TARGET = 13.1;
				LD_RUNPATH_SEARCH_PATHS = (
					"$(inherited)",
					"@executable_path/Frameworks",
					"@loader_path/Frameworks",
				);
				PRODUCT_BUNDLE_IDENTIFIER = com.xpressintegration.RxMovieCoordinatorTests;
				PRODUCT_NAME = "$(TARGET_NAME)";
				SWIFT_VERSION = 5.0;
				TARGETED_DEVICE_FAMILY = "1,2";
				TEST_HOST = "$(BUILT_PRODUCTS_DIR)/RxMovieCoordinator.app/RxMovieCoordinator";
			};
			name = Release;
		};
		42DF064823CD879800EED6E2 /* Debug */ = {
			isa = XCBuildConfiguration;
			buildSettings = {
				ALWAYS_EMBED_SWIFT_STANDARD_LIBRARIES = YES;
				CODE_SIGN_STYLE = Automatic;
				DEVELOPMENT_TEAM = ETH2M29NBU;
				INFOPLIST_FILE = RxMovieCoordinatorUITests/Info.plist;
				LD_RUNPATH_SEARCH_PATHS = (
					"$(inherited)",
					"@executable_path/Frameworks",
					"@loader_path/Frameworks",
				);
				PRODUCT_BUNDLE_IDENTIFIER = com.xpressintegration.RxMovieCoordinatorUITests;
				PRODUCT_NAME = "$(TARGET_NAME)";
				SWIFT_VERSION = 5.0;
				TARGETED_DEVICE_FAMILY = "1,2";
				TEST_TARGET_NAME = RxMovieCoordinator;
			};
			name = Debug;
		};
		42DF064923CD879800EED6E2 /* Release */ = {
			isa = XCBuildConfiguration;
			buildSettings = {
				ALWAYS_EMBED_SWIFT_STANDARD_LIBRARIES = YES;
				CODE_SIGN_STYLE = Automatic;
				DEVELOPMENT_TEAM = ETH2M29NBU;
				INFOPLIST_FILE = RxMovieCoordinatorUITests/Info.plist;
				LD_RUNPATH_SEARCH_PATHS = (
					"$(inherited)",
					"@executable_path/Frameworks",
					"@loader_path/Frameworks",
				);
				PRODUCT_BUNDLE_IDENTIFIER = com.xpressintegration.RxMovieCoordinatorUITests;
				PRODUCT_NAME = "$(TARGET_NAME)";
				SWIFT_VERSION = 5.0;
				TARGETED_DEVICE_FAMILY = "1,2";
				TEST_TARGET_NAME = RxMovieCoordinator;
			};
			name = Release;
		};
/* End XCBuildConfiguration section */

/* Begin XCConfigurationList section */
		42DF061223CD879700EED6E2 /* Build configuration list for PBXProject "RxMovieCoordinator" */ = {
			isa = XCConfigurationList;
			buildConfigurations = (
				42DF063F23CD879800EED6E2 /* Debug */,
				42DF064023CD879800EED6E2 /* Release */,
			);
			defaultConfigurationIsVisible = 0;
			defaultConfigurationName = Release;
		};
		42DF064123CD879800EED6E2 /* Build configuration list for PBXNativeTarget "RxMovieCoordinator" */ = {
			isa = XCConfigurationList;
			buildConfigurations = (
				42DF064223CD879800EED6E2 /* Debug */,
				42DF064323CD879800EED6E2 /* Release */,
			);
			defaultConfigurationIsVisible = 0;
			defaultConfigurationName = Release;
		};
		42DF064423CD879800EED6E2 /* Build configuration list for PBXNativeTarget "RxMovieCoordinatorTests" */ = {
			isa = XCConfigurationList;
			buildConfigurations = (
				42DF064523CD879800EED6E2 /* Debug */,
				42DF064623CD879800EED6E2 /* Release */,
			);
			defaultConfigurationIsVisible = 0;
			defaultConfigurationName = Release;
		};
		42DF064723CD879800EED6E2 /* Build configuration list for PBXNativeTarget "RxMovieCoordinatorUITests" */ = {
			isa = XCConfigurationList;
			buildConfigurations = (
				42DF064823CD879800EED6E2 /* Debug */,
				42DF064923CD879800EED6E2 /* Release */,
			);
			defaultConfigurationIsVisible = 0;
			defaultConfigurationName = Release;
		};
/* End XCConfigurationList section */
	};
	rootObject = 42DF060F23CD879700EED6E2 /* Project object */;
}
